{
  "nodes": {
    "agenix": {
      "inputs": {
        "nixpkgs": []
      },
      "locked": {
        "lastModified": 1790734419,
        "narHash": "sha256-n7wew722m1OTBT9DOIMxNX/NF4zfsSUABAO5eW3wikE=",
        "owner": "ryantm",
        "repo": "agenix",
        "rev": "3daa710894355fa2fad8243380af373a2b4046ef",
        "type": "github"
      },
      "original": {
        "owner": "ryantm",
        "repo": "agenix",
        "type": "github"
      }
    },
    "crane": {
      "locked": {
        "lastModified": 1733418579,
        "narHash": "sha256-0fJaoI4B9Nn67E1P44usZhZHkSSyWdAI23HU+X+HJCQ=",
        "owner": "ipetkov",
        "repo": "crane",
        "rev": "62e50137688d953557f156f01e2ad2a25b22d66c",
        "type": "github"
      },
      "original": {
        "owner": "ipetkov",
        "repo": "crane",
        "type": "github"
      }
    },
    "deploy-rs": {
      "inputs": {
        "flake-compat": "flake-compat",
        "nixpkgs": [
          "nixpkgs"
        ],
        "utils": "utils"
      },
      "locked": {
        "lastModified": 1790635598,
        "narHash": "sha256-MHycJ+rm2wMrhiO6emgqJUaUbhJU/AvdH8DyUVrU1dw=",
        "owner": "serokell",
        "repo": "deploy-rs",
        "rev": "cf64c8cbadd9b13ea79ba7720aa2930500f2ece7",
        "type": "github"
      },
      "original": {
        "owner": "serokell",
        "repo": "deploy-rs",
        "type": "github"
      }
    },
    "disko": {
      "inputs": {
        "nixpkgs": [
          "nixpkgs"
        ]
      },
      "locked": {
        "lastModified": 1789770686,
        "narHash": "sha256-uZkBR7yHdIKUFB5SZdfgh1qkGfI3XmYmI/lTiquxbck=",
        "owner": "nix-community",
        "repo": "disko",
        "rev": "725ea35e410ad83be4931d1bff7e090eacaf3563",
        "type": "github"
      },
      "original": {
        "owner": "nix-community",
        "repo": "disko",
        "type": "github"
      }
    },
    "flake-compat": {
      "flake": false,
      "locked": {
        "lastModified": 1733328505,
        "narHash": "sha256-NeCCThCEP3eCl2l/+27kNNK7QrwZB1IJCrXfrbv5oqU=",
        "owner": "edolstra",
        "repo": "flake-compat",
        "rev": "ff81ac966bb2cae68946d5ed5fc4994f96d0ffec",
        "type": "github"
      },
      "original": {
        "owner": "edolstra",
        "repo": "flake-compat",
        "type": "github"
      }
    },
    "flake-parts": {
      "inputs": {
        "nixpkgs-lib": [
          "nur",
          "nixpkgs"
        ]
      },
      "locked": {
        "lastModified": 1733312601,
        "narHash": "sha256-4pDvzqnegAfRkPwO3wmwBhVi/Sye1mzps0zHWYnP88c=",
        "owner": "hercules-ci",
        "repo": "flake-parts",
        "rev": "205b12d8b7cd4802fbcb8e8ef6a0f1408781a4f9",
        "type": "github"
      },
      "original": {
        "owner": "hercules-ci",
        "repo": "flake-parts",
        "type": "github"
      }
    },
    "flake-parts_2": {
      "inputs": {
        "nixpkgs-lib": "nixpkgs-lib"
      },
      "locked": {
        "lastModified": 1733312601,
        "narHash": "sha256-4pDvzqnegAfRkPwO3wmwBhVi/Sye1mzps0zHWYnP88c=",
        "owner": "hercules-ci",
        "repo": "flake-parts",
        "rev": "205b12d8b7cd4802fbcb8e8ef6a0f1408781a4f9",
        "type": "github"
      },
      "original": {
        "owner": "hercules-ci",
        "repo": "flake-parts",
        "type": "github"
      }
    },
    "home-manager": {
      "inputs": {
        "nixpkgs": [
          "nixpkgs"
        ]
      },
      "locked": {
        "lastModified": 1790742243,
        "narHash": "sha256-kaNo6xHiL31AbNNEreG0OTKf4j6Cxlo5bPawjX7lnbQ=",
        "owner": "nix-community",
        "repo": "home-manager",
        "rev": "e5fcd298a00f08b6e8390baf04aa8edb62203070",
        "type": "github"
      },
      "original": {
        "owner": "nix-community",
        "ref": "release-26.05",
        "repo": "home-manager",
        "type": "github"
      }
    },
    "impermanence": {
      "inputs": {
        "home-manager": [],
        "nixpkgs": []
      },
      "locked": {
        "lastModified": 1769548169,
        "narHash": "sha256-03+JxvzmfwRu+5JafM0DLbxgHttOQZkUtDWBmeUkN8Y=",
        "owner": "nix-community",
        "repo": "impermanence",
        "rev": "7b1d382faf603b6d264f58627330f9faa5cba149",
        "type": "github"
      },
      "original": {
        "owner": "nix-community",
        "repo": "impermanence",
        "type": "github"
      }
    },
    "mikuboot": {
      "inputs": {
        "nixpkgs": [
          "nixpkgs"
        ],
        "utils": "utils_2"
      },
      "locked": {
        "lastModified": 1752335637,
        "narHash": "sha256-u7tvFX8KGMB+AmBDLzmYouPfFhijRq6AY1RAYk+GFkY=",
        "owner": "evysgarden",
        "repo": "mikuboot",
        "rev": "772b12f6a63286e1b7e0e2fdc74aff14320957df",
        "type": "gitlab"
      },
      "original": {
        "owner": "evysgarden",
        "repo": "mikuboot",
        "type": "gitlab"
      }
    },
    "neovim": {
      "inputs": {
        "nixpkgs": [
          "nixpkgs"
        ]
      },
      "locked": {
        "lastModified": 1788247701,
        "narHash": "sha256-/W5iQclLgLpkg3Kw2ImLMGvN9Weuu2eAsaEguPFEYSA=",
        "owner": "Maroka-chan",
        "repo": "nvim-config",
        "rev": "46fa28e5606b176742435b3cfa5678baf766a232",
        "type": "github"
      },
      "original": {
        "owner": "Maroka-chan",
        "repo": "nvim-config",
        "type": "github"
      }
    },
    "nix-index-database": {
      "inputs": {
        "nixpkgs": [
          "nixpkgs"
        ]
      },
      "locked": {
        "lastModified": 1790499302,
        "narHash": "sha256-Gbf/U9ptJhQh0qnDnJ/+a8MAcq1HXunbArUTHR2wNYk=",
        "owner": "nix-community",
        "repo": "nix-index-database",
        "rev": "161d7c91accd93034bb3c295224d9d895a778573",
        "type": "github"
      },
      "original": {
        "owner": "nix-community",
        "repo": "nix-index-database",
        "type": "github"
      }
    },
    "nix4vscode": {
      "inputs": {
        "nixpkgs": [
          "nixpkgs"
        ],
        "systems": "systems_3"
      },
      "locked": {
        "lastModified": 1790918173,
        "narHash": "sha256-qBSPfnqRb067XFbVgN8VOUeZZatiDgCiyRzFhplWaEc=",
        "owner": "nix-community",
        "repo": "nix4vscode",
        "rev": "de74067044ec0cb870b4c97da4dadd203fc8aa62",
        "type": "github"
      },
      "original": {
        "owner": "nix-community",
        "repo": "nix4vscode",
        "type": "github"
      }
    },
    "nixos-hardware-gpdduo": {
      "locked": {
        "lastModified": 1769775021,
        "narHash": "sha256-IgVusHMNQYy5UEciCQqI0RYBc8RpAXCh1otvr88V4WY=",
        "owner": "AlexBMJ",
        "repo": "nixos-hardware",
        "rev": "eb4204d98d05a9ff4fdab05b22111d446ecaccd7",
        "type": "github"
      },
      "original": {
        "owner": "AlexBMJ",
        "ref": "gpd-duo",
        "repo": "nixos-hardware",
        "type": "github"
      }
    },
    "nixpkgs": {
      "locked": {
        "lastModified": 1790870687,
        "narHash": "sha256-L1PjLZOpzMeubJPLcr0txsCSMdOqEN9xliZyFXnSLGs=",
        "rev": "4feb8eb8bf30f323a8a5d285f14ee51d6a7197b1",
        "type": "tarball",
        "url": "https://releases.nixos.org/nixos/26.05/nixos-26.05.11006.4feb8eb8bf30/nixexprs.tar.xz"
      },
      "original": {
        "type": "tarball",
        "url": "https://channels.nixos.org/nixos-26.05/nixexprs.tar.xz"
      }
    },
    "nixpkgs-lib": {
      "locked": {
        "lastModified": 1733096140,
        "narHash": "sha256-1qRH7uAUsyQI7R1Uwl4T+XvdNv778H0Nb5njNrqvylY=",
        "type": "tarball",
        "url": "https://github.com/NixOS/nixpkgs/archive/5487e69da40cbd611ab2cadee0b4637225f7cfae.tar.gz"
      },
      "original": {
        "type": "tarball",
        "url": "https://github.com/NixOS/nixpkgs/archive/5487e69da40cbd611ab2cadee0b4637225f7cfae.tar.gz"
      }
    },
    "nixpkgs-small": {
      "locked": {
        "lastModified": 1790894198,
        "narHash": "sha256-A+XJvpM4cZvxxEV7lPFZ6vhPa+77RFTpgxI/PrLgkuw=",
        "rev": "3f37da4c2abf54eb75955c15650ba46107dfdd37",
        "type": "tarball",
        "url": "https://releases.nixos.org/nixos/26.05-small/nixos-26.05.11026.3f37da4c2abf/nixexprs.tar.xz"
      },
      "original": {
        "type": "tarball",
        "url": "https://channels.nixos.org/nixos-26.05-small/nixexprs.tar.xz"
      }
    },
    "nixpkgs-stremio-server": {
      "locked": {
        "lastModified": 1654603751,
        "narHash": "sha256-kjwCdgdWuAJWvt8ZBxBFerQtSfsIhDkeflk4ZeQGj7E=",
        "owner": "NixOS",
        "repo": "nixpkgs",
        "rev": "aae94e56a7b905281f007a5b70aa7ffff89aee57",
        "type": "github"
      },
      "original": {
        "owner": "NixOS",
        "repo": "nixpkgs",
        "rev": "aae94e56a7b905281f007a5b70aa7ffff89aee57",
        "type": "github"
      }
    },
    "nixpkgs-unstable": {
      "locked": {
        "lastModified": 1790822859,
        "narHash": "sha256-VBA0QerzzmL+4wxgtwiCdiLwLpJg2/9xOxhgO3BRJQA=",
        "rev": "c59305bab2065cfecc4944690d9eedbb56f3a9fa",
        "type": "tarball",
        "url": "https://releases.nixos.org/nixos/unstable/nixos-26.11pre1083223.c59305bab206/nixexprs.tar.xz"
      },
      "original": {
        "type": "tarball",
        "url": "https://channels.nixos.org/nixos-unstable/nixexprs.tar.xz"
      }
    },
    "nixpkgs_2": {
      "locked": {
        "lastModified": 1728538411,
        "narHash": "sha256-f0SBJz1eZ2yOuKUr5CA9BHULGXVSn6miBuUWdTyhUhU=",
        "owner": "NixOS",
        "repo": "nixpkgs",
        "rev": "b69de56fac8c2b6f8fd27f2eca01dcda8e0a4221",
        "type": "github"
      },
      "original": {
        "owner": "NixOS",
        "ref": "nixpkgs-unstable",
        "repo": "nixpkgs",
        "type": "github"
      }
    },
    "noctalia": {
      "inputs": {
        "nixpkgs": [
          "nixpkgs"
        ]
      },
      "locked": {
        "lastModified": 1790905070,
        "narHash": "sha256-ukT5U54WQSpq6sktl5QJOZ8S4ZF3LLmP8CAFel1XJf0=",
        "owner": "noctalia-dev",
        "repo": "noctalia",
        "rev": "6ef43e2bf2f3d5b4205ec72a72e34a2ab76ce3b4",
        "type": "github"
      },
      "original": {
        "owner": "noctalia-dev",
        "repo": "noctalia",
        "type": "github"
      }
    },
    "noctalia-plugins": {
      "flake": false,
      "locked": {
        "lastModified": 1790733999,
        "narHash": "sha256-/7IgR2BoXocNo7YYkOjiJJkASCs2/7LeU2CqViLprkg=",
        "owner": "noctalia-dev",
        "repo": "official-plugins",
        "rev": "039d5473645a681491042da5ea1d0cd77b0d05ea",
        "type": "github"
      },
      "original": {
        "owner": "noctalia-dev",
        "repo": "official-plugins",
        "type": "github"
      }
    },
    "nur": {
      "inputs": {
        "flake-parts": "flake-parts",
        "nixpkgs": [
          "nixpkgs"
        ]
      },
      "locked": {
        "lastModified": 1790925911,
        "narHash": "sha256-AIsHJWIwdcdIzjUlx5b0NR+El8hiZuTsZ59FjBRsOSU=",
        "owner": "nix-community",
        "repo": "NUR",
        "rev": "68f604170fd9dadce7a2736cb930a5b3a21529f4",
        "type": "github"
      },
      "original": {
        "owner": "nix-community",
        "repo": "NUR",
        "type": "github"
      }
    },
    "root": {
      "inputs": {
        "agenix": "agenix",
        "deploy-rs": "deploy-rs",
        "disko": "disko",
        "home-manager": "home-manager",
        "impermanence": "impermanence",
        "mikuboot": "mikuboot",
        "neovim": "neovim",
        "nix-index-database": "nix-index-database",
        "nix4vscode": "nix4vscode",
        "nixos-hardware-gpdduo": "nixos-hardware-gpdduo",
        "nixpkgs": "nixpkgs",
        "nixpkgs-small": "nixpkgs-small",
        "nixpkgs-stremio-server": "nixpkgs-stremio-server",
        "nixpkgs-unstable": "nixpkgs-unstable",
        "noctalia": "noctalia",
        "noctalia-plugins": "noctalia-plugins",
        "nur": "nur",
        "transmission_4_5": "transmission_4_5",
        "umu": "umu",
        "vpn-confinement": "vpn-confinement",
        "yuttari": "yuttari"
      }
    },
    "rust-overlay": {
      "inputs": {
        "nixpkgs": "nixpkgs_2"
      },
      "locked": {
        "lastModified": 1733452419,
        "narHash": "sha256-eh2i2GtqdWVOP7yjiWtB8FMUWktCZ4vjo81n6g5mSiE=",
        "owner": "oxalica",
        "repo": "rust-overlay",
        "rev": "020701e6057992329a7cfafc6e3c5d5658bbcf79",
        "type": "github"
      },
      "original": {
        "owner": "oxalica",
        "repo": "rust-overlay",
        "type": "github"
      }
    },
    "systems": {
      "locked": {
        "lastModified": 1681028828,
        "narHash": "sha256-Vy1rq5AaRuLzOxct8nz4T6wlgyUR7zLU309k9mBC768=",
        "owner": "nix-systems",
        "repo": "default",
        "rev": "da67096a3b9bf56a91d16901293e51ba5b49a27e",
        "type": "github"
      },
      "original": {
        "owner": "nix-systems",
        "repo": "default",
        "type": "github"
      }
    },
    "systems_2": {
      "locked": {
        "lastModified": 1681028828,
        "narHash": "sha256-Vy1rq5AaRuLzOxct8nz4T6wlgyUR7zLU309k9mBC768=",
        "owner": "nix-systems",
        "repo": "default",
        "rev": "da67096a3b9bf56a91d16901293e51ba5b49a27e",
        "type": "github"
      },
      "original": {
        "owner": "nix-systems",
        "repo": "default",
        "type": "github"
      }
    },
    "systems_3": {
      "flake": false,
      "locked": {
        "lastModified": 1681028828,
        "narHash": "sha256-Vy1rq5AaRuLzOxct8nz4T6wlgyUR7zLU309k9mBC768=",
        "owner": "nix-systems",
        "repo": "default",
        "rev": "da67096a3b9bf56a91d16901293e51ba5b49a27e",
        "type": "github"
      },
      "original": {
        "owner": "nix-systems",
        "repo": "default",
        "type": "github"
      }
    },
    "transmission_4_5": {
      "locked": {
        "lastModified": 1715721473,
        "narHash": "sha256-42okGEXT2cPw3xfSxpb+L/O1YdIM/luq4poIuqEW/Fk=",
        "owner": "NixOS",
        "repo": "nixpkgs",
        "rev": "0c19708cf035f50d28eb4b2b8e7a79d4dc52f6bb",
        "type": "github"
      },
      "original": {
        "owner": "NixOS",
        "repo": "nixpkgs",
        "rev": "0c19708cf035f50d28eb4b2b8e7a79d4dc52f6bb",
        "type": "github"
      }
    },
    "umu": {
      "inputs": {
        "nixpkgs": [
          "nixpkgs"
        ]
      },
      "locked": {
        "dir": "packaging/nix",
        "lastModified": 1785962636,
        "narHash": "sha256-QwgKUCCDiZC7DCwW+Ir5UED0LG3dv/Q+4ACZa89Uw9w=",
        "owner": "Open-Wine-Components",
        "repo": "umu-launcher",
        "rev": "e2b203a1fdd2af9f35166f5713cb3f85d72587e2",
        "type": "github"
      },
      "original": {
        "dir": "packaging/nix",
        "owner": "Open-Wine-Components",
        "repo": "umu-launcher",
        "type": "github"
      }
    },
    "utils": {
      "inputs": {
        "systems": "systems"
      },
      "locked": {
        "lastModified": 1731533236,
        "narHash": "sha256-l0KFg5HjrsfsO/JpG+r7fRrqm12kzFHyUHqHCVpMMbI=",
        "owner": "numtide",
        "repo": "flake-utils",
        "rev": "11707dc2f618dd54ca8739b309ec4fc024de578b",
        "type": "github"
      },
      "original": {
        "owner": "numtide",
        "repo": "flake-utils",
        "type": "github"
      }
    },
    "utils_2": {
      "inputs": {
        "systems": "systems_2"
      },
      "locked": {
        "lastModified": 1731533236,
        "narHash": "sha256-l0KFg5HjrsfsO/JpG+r7fRrqm12kzFHyUHqHCVpMMbI=",
        "owner": "numtide",
        "repo": "flake-utils",
        "rev": "11707dc2f618dd54ca8739b309ec4fc024de578b",
        "type": "github"
      },
      "original": {
        "owner": "numtide",
        "repo": "flake-utils",
        "type": "github"
      }
    },
    "vpn-confinement": {
      "locked": {
        "lastModified": 1789394839,
        "narHash": "sha256-trdjVJKmDBbzgbP8pd+R7iKbGkdRu0nmXgQlBR/hEiU=",
        "owner": "Maroka-chan",
        "repo": "VPN-Confinement",
        "rev": "a21f66ccd9f644c3770ccdf287cb380c00192628",
        "type": "github"
      },
      "original": {
        "owner": "Maroka-chan",
        "repo": "VPN-Confinement",
        "type": "github"
      }
    },
    "yuttari": {
      "inputs": {
        "crane": "crane",
        "flake-parts": "flake-parts_2",
        "nixpkgs": [
          "nixpkgs"
        ],
        "rust-overlay": "rust-overlay"
      },
      "locked": {
        "lastModified": 1755369959,
        "narHash": "sha256-9PtlZNSICzub4+3ORW/3YzRJjLkbepwzgwnTObnArBw=",
        "ref": "refs/heads/master",
        "rev": "bb6aa0dc4a5c25354a31687f8ea30dbaff290959",
        "revCount": 69,
        "type": "git",
        "url": "ssh://git@github.com/Maroka-chan/yuttari-rs"
      },
      "original": {
        "type": "git",
        "url": "ssh://git@github.com/Maroka-chan/yuttari-rs"
      }
    }
  },
  "root": "root",
  "version": 7
}
